// !$*UTF8*$!
{
	archiveVersion = 1;
	classes = {
	};
	objectVersion = 46;
	objects = {

/* Begin PBXBuildFile section */
		0E55A85A19D0A2AB00F03730 /* main.swift in Sources */ = {isa = PBXBuildFile; fileRef = 0E55A85919D0A2AB00F03730 /* main.swift */; };
		0E55A86119D0A2FB00F03730 /* CarFactory.swift in Sources */ = {isa = PBXBuildFile; fileRef = 0E55A86019D0A2FB00F03730 /* CarFactory.swift */; };
/* End PBXBuildFile section */

/* Begin PBXCopyFilesBuildPhase section */
		0E55A85419D0A2AB00F03730 /* CopyFiles */ = {
			isa = PBXCopyFilesBuildPhase;
			buildActionMask = 2147483647;
			dstPath = /usr/share/man/man1/;
			dstSubfolderSpec = 0;
			files = (
			);
			runOnlyForDeploymentPostprocessing = 1;
		};
/* End PBXCopyFilesBuildPhase section */

/* Begin PBXFileReference section */
		0E55A85619D0A2AB00F03730 /* clTest */ = {isa = PBXFileReference; explicitFileType = "compiled.mach-o.executable"; includeInIndex = 0; path = clTest; sourceTree = BUILT_PRODUCTS_DIR; };
		0E55A85919D0A2AB00F03730 /* main.swift */ = {isa = PBXFileReference; lastKnownFileType = sourcecode.swift; path = main.swift; sourceTree = "<group>"; };
		0E55A86019D0A2FB00F03730 /* CarFactory.swift */ = {isa = PBXFileReference; fileEncoding = 4; lastKnownFileType = sourcecode.swift; path = CarFactory.swift; sourceTree = "<group>"; };
/* End PBXFileReference section */

/* Begin PBXFrameworksBuildPhase section */
		0E55A85319D0A2AB00F03730 /* Frameworks */ = {
			isa = PBXFrameworksBuildPhase;
			buildActionMask = 2147483647;
			files = (
			);
			runOnlyForDeploymentPostprocessing = 0;
		};
/* End PBXFrameworksBuildPhase section */

/* Begin PBXGroup section */
		0E55A84D19D0A2AB00F03730 = {
			isa = PBXGroup;
			children = (
				0E55A85819D0A2AB00F03730 /* clTest */,
				0E55A85719D0A2AB00F03730 /* Products */,
			);
			sourceTree = "<group>";
		};
		0E55A85719D0A2AB00F03730 /* Products */ = {
			isa = PBXGroup;
			children = (
				0E55A85619D0A2AB00F03730 /* clTest */,
			);
			name = Products;
			sourceTree = "<group>";
		};
		0E55A85819D0A2AB00F03730 /* clTest */ = {
			isa = PBXGroup;
			children = (
				0E55A85919D0A2AB00F03730 /* main.swift */,
				0E55A86019D0A2FB00F03730 /* CarFactory.swift */,
			);
			path = clTest;
			sourceTree = "<group>";
		};
/* End PBXGroup section */

/* Begin PBXNativeTarget section */
		0E55A85519D0A2AB00F03730 /* clTest */ = {
			isa = PBXNativeTarget;
			buildConfigurationList = 0E55A85D19D0A2AB00F03730 /* Build configuration list for PBXNativeTarget "clTest" */;
			buildPhases = (
				0E55A85219D0A2AB00F03730 /* Sources */,
				0E55A85319D0A2AB00F03730 /* Frameworks */,
				0E55A85419D0A2AB00F03730 /* CopyFiles */,
			);
			buildRules = (
			);
			dependencies = (
			);
			name = clTest;
			productName = clTest;
			productReference = 0E55A85619D0A2AB00F03730 /* clTest */;
			productType = "com.apple.product-type.tool";
		};
/* End PBXNativeTarget section */

/* Begin PBXProject section */
		0E55A84E19D0A2AB00F03730 /* Project object */ = {
			isa = PBXProject;
			attributes = {
				LastUpgradeCheck = 0600;
				ORGANIZATIONNAME = able;
				TargetAttributes = {
					0E55A85519D0A2AB00F03730 = {
						CreatedOnToolsVersion = 6.0;
					};
				};
			};
			buildConfigurationList = 0E55A85119D0A2AB00F03730 /* Build configuration list for PBXProject "clTest" */;
			compatibilityVersion = "Xcode 3.2";
			developmentRegion = English;
			hasScannedForEncodings = 0;
			knownRegions = (
				en,
			);
			mainGroup = 0E55A84D19D0A2AB00F03730;
			productRefGroup = 0E55A85719D0A2AB00F03730 /* Products */;
			projectDirPath = "";
			projectRoot = "";
			targets = (
				0E55A85519D0A2AB00F03730 /* clTest */,
			);
		};
/* End PBXProject section */

/* Begin PBXSourcesBuildPhase section */
		0E55A85219D0A2AB00F03730 /* Sources */ = {
			isa = PBXSourcesBuildPhase;
			buildActionMask = 2147483647;
			files = (
				0E55A85A19D0A2AB00F03730 /* main.swift in Sources */,
				0E55A86119D0A2FB00F03730 /* CarFactory.swift in Sources */,
			);
			runOnlyForDeploymentPostprocessing = 0;
		};
/* End PBXSourcesBuildPhase section */

/* Begin XCBuildConfiguration section */
		0E55A85B19D0A2AB00F03730 /* Debug */ = {
			isa = XCBuildConfiguration;
			buildSettings = {
				ALWAYS_SEARCH_USER_PATHS = NO;
				CLANG_CXX_LANGUAGE_STANDARD = "gnu++0x";
				CLANG_CXX_LIBRARY = "libc++";
				CLANG_ENABLE_MODULES = YES;
				CLANG_ENABLE_OBJC_ARC = YES;
				CLANG_WARN_BOOL_CONVERSION = YES;
				CLANG_WARN_CONSTANT_CONVERSION = YES;
				CLANG_WARN_DIRECT_OBJC_ISA_USAGE = YES_ERROR;
				CLANG_WARN_EMPTY_BODY = YES;
				CLANG_WARN_ENUM_CONVERSION = YES;
				CLANG_WARN_INT_CONVERSION = YES;
				CLANG_WARN_OBJC_ROOT_CLASS = YES_ERROR;
				CLANG_WARN_UNREACHABLE_CODE = YES;
				CLANG_WARN__DUPLICATE_METHOD_MATCH = YES;
				COPY_PHASE_STRIP = NO;
				ENABLE_STRICT_OBJC_MSGSEND = YES;
				GCC_C_LANGUAGE_STANDARD = gnu99;
				GCC_DYNAMIC_NO_PIC = NO;
				GCC_OPTIMIZATION_LEVEL = 0;
				GCC_PREPROCESSOR_DEFINITIONS = (
					"DEBUG=1",
					"$(inherited)",
				);
				GCC_SYMBOLS_PRIVATE_EXTERN = NO;
				GCC_WARN_64_TO_32_BIT_CONVERSION = YES;
				GCC_WARN_ABOUT_RETURN_TYPE = YES_ERROR;
				GCC_WARN_UNDECLARED_SELECTOR = YES;
				GCC_WARN_UNINITIALIZED_AUTOS = YES_AGGRESSIVE;
				GCC_WARN_UNUSED_FUNCTION = YES;
				GCC_WARN_UNUSED_VARIABLE = YES;
				MACOSX_DEPLOYMENT_TARGET = 10.9;
				MTL_ENABLE_DEBUG_INFO = YES;
				ONLY_ACTIVE_ARCH = YES;
				SDKROOT = macosx;
				SWIFT_OPTIMIZATION_LEVEL = "-Onone";
			};
			name = Debug;
		};
		0E55A85C19D0A2AB00F03730 /* Release */ = {
			isa = XCBuildConfiguration;
			buildSettings = {
				ALWAYS_SEARCH_USER_PATHS = NO;
				CLANG_CXX_LANGUAGE_STANDARD = "gnu++0x";
				CLANG_CXX_LIBRARY = "libc++";
				CLANG_ENABLE_MODULES = YES;
				CLANG_ENABLE_OBJC_ARC = YES;
				CLANG_WARN_BOOL_CONVERSION = YES;
				CLANG_WARN_CONSTANT_CONVERSION = YES;
				CLANG_WARN_DIRECT_OBJC_ISA_USAGE = YES_ERROR;
				CLANG_WARN_EMPTY_BODY = YES;
				CLANG_WARN_ENUM_CONVERSION = YES;
				CLANG_WARN_INT_CONVERSION = YES;
				CLANG_WARN_OBJC_ROOT_CLASS = YES_ERROR;
				CLANG_WARN_UNREACHABLE_CODE = YES;
				CLANG_WARN__DUPLICATE_METHOD_MATCH = YES;
				COPY_PHASE_STRIP = YES;
				DEBUG_INFORMATION_FORMAT = "dwarf-with-dsym";
				ENABLE_NS_ASSERTIONS = NO;
				ENABLE_STRICT_OBJC_MSGSEND = YES;
				GCC_C_LANGUAGE_STANDARD = gnu99;
				GCC_WARN_64_TO_32_BIT_CONVERSION = YES;
				GCC_WARN_ABOUT_RETURN_TYPE = YES_ERROR;
				GCC_WARN_UNDECLARED_SELECTOR = YES;
				GCC_WARN_UNINITIALIZED_AUTOS = YES_AGGRESSIVE;
				GCC_WARN_UNUSED_FUNCTION = YES;
				GCC_WARN_UNUSED_VARIABLE = YES;
				MACOSX_DEPLOYMENT_TARGET = 10.9;
				MTL_ENABLE_DEBUG_INFO = NO;
				SDKROOT = macosx;
			};
			name = Release;
		};
		0E55A85E19D0A2AB00F03730 /* Debug */ = {
			isa = XCBuildConfiguration;
			buildSettings = {
				PRODUCT_NAME = "$(TARGET_NAME)";
			};
			name = Debug;
		};
		0E55A85F19D0A2AB00F03730 /* Release */ = {
			isa = XCBuildConfiguration;
			buildSettings = {
				PRODUCT_NAME = "$(TARGET_NAME)";
			};
			name = Release;
		};
/* End XCBuildConfiguration section */

/* Begin XCConfigurationList section */
		0E55A85119D0A2AB00F03730 /* Build configuration list for PBXProject "clTest" */ = {
			isa = XCConfigurationList;
			buildConfigurations = (
				0E55A85B19D0A2AB00F03730 /* Debug */,
				0E55A85C19D0A2AB00F03730 /* Release */,
			);
			defaultConfigurationIsVisible = 0;
			defaultConfigurationName = Release;
		};
		0E55A85D19D0A2AB00F03730 /* Build configuration list for PBXNativeTarget "clTest" */ = {
			isa = XCConfigurationList;
			buildConfigurations = (
				0E55A85E19D0A2AB00F03730 /* Debug */,
				0E55A85F19D0A2AB00F03730 /* Release */,
			);
			defaultConfigurationIsVisible = 0;
		};
/* End XCConfigurationList section */
	};
	rootObject = 0E55A84E19D0A2AB00F03730 /* Project object */;
}
